
Microsoft Visual Studio Solution File, Format Version 12.00
# Visual Studio 15
Project("{FAE04EC0-301F-11D3-BF4B-00C04F79EFBC}") = "Fungus", "Fungus.csproj", "{436038B9-4C47-5455-0FA1-EC7F8DE5E365}"
EndProject
Project("{FAE04EC0-301F-11D3-BF4B-00C04F79EFBC}") = "FungusExamples", "FungusExamples.csproj", "{E5DBB5CC-C157-2343-4E84-226F9C0C30A1}"
EndProject
Project("{FAE04EC0-301F-11D3-BF4B-00C04F79EFBC}") = "Assembly-CSharp", "Assembly-CSharp.csproj", "{7B77B64B-1075-C627-5E3E-362FA9334940}"
EndProject
Project("{FAE04EC0-301F-11D3-BF4B-00C04F79EFBC}") = "FungusPlayModeTests", "FungusPlayModeTests.csproj", "{3A936A7E-D861-4908-D8CA-522F890F67FB}"
EndProject
Project("{FAE04EC0-301F-11D3-BF4B-00C04F79EFBC}") = "FungusEditor", "FungusEditor.csproj", "{CC540F96-5648-4369-1AAF-DAA1DACF3ED3}"
EndProject
Project("{FAE04EC0-301F-11D3-BF4B-00C04F79EFBC}") = "FungusEditorTests", "FungusEditorTests.csproj", "{7DC3471F-A93F-B327-8314-650BA9F3FC4C}"
EndProject
Project("{FAE04EC0-301F-11D3-BF4B-00C04F79EFBC}") = "Fungus.FungusLuaJSONCheckerEditor", "Fungus.FungusLuaJSONCheckerEditor.csproj", "{1AFFC68F-B7C9-D39F-E5A7-872B0DCB684C}"
EndProject
Project("{FAE04EC0-301F-11D3-BF4B-00C04F79EFBC}") = "Fungus.FungusLuaEditor", "Fungus.FungusLuaEditor.csproj", "{EE2FC14F-D0EA-84BD-DE42-B85AB00BBCED}"
EndProject
Project("{FAE04EC0-301F-11D3-BF4B-00C04F79EFBC}") = "Fungus.UsfxrEditor", "Fungus.UsfxrEditor.csproj", "{E5265CC0-B025-E4F8-9AC5-F87495F748A5}"
EndProject
Project("{FAE04EC0-301F-11D3-BF4B-00C04F79EFBC}") = "Fungus.LineEndingsEditor", "Fungus.LineEndingsEditor.csproj", "{1892524C-C50C-B97D-29C8-83DF8D8F00FF}"
EndProject
Global
	GlobalSection(SolutionConfigurationPlatforms) = preSolution
		Debug|Any CPU = Debug|Any CPU
		Release|Any CPU = Release|Any CPU
	EndGlobalSection
	GlobalSection(ProjectConfigurationPlatforms) = postSolution
		{436038B9-4C47-5455-0FA1-EC7F8DE5E365}.Debug|Any CPU.ActiveCfg = Debug|Any CPU
		{436038B9-4C47-5455-0FA1-EC7F8DE5E365}.Debug|Any CPU.Build.0 = Debug|Any CPU
		{436038B9-4C47-5455-0FA1-EC7F8DE5E365}.Release|Any CPU.ActiveCfg = Release|Any CPU
		{436038B9-4C47-5455-0FA1-EC7F8DE5E365}.Release|Any CPU.Build.0 = Release|Any CPU
		{E5DBB5CC-C157-2343-4E84-226F9C0C30A1}.Debug|Any CPU.ActiveCfg = Debug|Any CPU
		{E5DBB5CC-C157-2343-4E84-226F9C0C30A1}.Debug|Any CPU.Build.0 = Debug|Any CPU
		{E5DBB5CC-C157-2343-4E84-226F9C0C30A1}.Release|Any CPU.ActiveCfg = Release|Any CPU
		{E5DBB5CC-C157-2343-4E84-226F9C0C30A1}.Release|Any CPU.Build.0 = Release|Any CPU
		{7B77B64B-1075-C627-5E3E-362FA9334940}.Debug|Any CPU.ActiveCfg = Debug|Any CPU
		{7B77B64B-1075-C627-5E3E-362FA9334940}.Debug|Any CPU.Build.0 = Debug|Any CPU
		{7B77B64B-1075-C627-5E3E-362FA9334940}.Release|Any CPU.ActiveCfg = Release|Any CPU
		{7B77B64B-1075-C627-5E3E-362FA9334940}.Release|Any CPU.Build.0 = Release|Any CPU
		{3A936A7E-D861-4908-D8CA-522F890F67FB}.Debug|Any CPU.ActiveCfg = Debug|Any CPU
		{3A936A7E-D861-4908-D8CA-522F890F67FB}.Debug|Any CPU.Build.0 = Debug|Any CPU
		{3A936A7E-D861-4908-D8CA-522F890F67FB}.Release|Any CPU.ActiveCfg = Release|Any CPU
		{3A936A7E-D861-4908-D8CA-522F890F67FB}.Release|Any CPU.Build.0 = Release|Any CPU
		{CC540F96-5648-4369-1AAF-DAA1DACF3ED3}.Debug|Any CPU.ActiveCfg = Debug|Any CPU
		{CC540F96-5648-4369-1AAF-DAA1DACF3ED3}.Debug|Any CPU.Build.0 = Debug|Any CPU
		{CC540F96-5648-4369-1AAF-DAA1DACF3ED3}.Release|Any CPU.ActiveCfg = Release|Any CPU
		{CC540F96-5648-4369-1AAF-DAA1DACF3ED3}.Release|Any CPU.Build.0 = Release|Any CPU
		{7DC3471F-A93F-B327-8314-650BA9F3FC4C}.Debug|Any CPU.ActiveCfg = Debug|Any CPU
		{7DC3471F-A93F-B327-8314-650BA9F3FC4C}.Debug|Any CPU.Build.0 = Debug|Any CPU
		{7DC3471F-A93F-B327-8314-650BA9F3FC4C}.Release|Any CPU.ActiveCfg = Release|Any CPU
		{7DC3471F-A93F-B327-8314-650BA9F3FC4C}.Release|Any CPU.Build.0 = Release|Any CPU
		{1AFFC68F-B7C9-D39F-E5A7-872B0DCB684C}.Debug|Any CPU.ActiveCfg = Debug|Any CPU
		{1AFFC68F-B7C9-D39F-E5A7-872B0DCB684C}.Debug|Any CPU.Build.0 = Debug|Any CPU
		{1AFFC68F-B7C9-D39F-E5A7-872B0DCB684C}.Release|Any CPU.ActiveCfg = Release|Any CPU
		{1AFFC68F-B7C9-D39F-E5A7-872B0DCB684C}.Release|Any CPU.Build.0 = Release|Any CPU
		{EE2FC14F-D0EA-84BD-DE42-B85AB00BBCED}.Debug|Any CPU.ActiveCfg = Debug|Any CPU
		{EE2FC14F-D0EA-84BD-DE42-B85AB00BBCED}.Debug|Any CPU.Build.0 = Debug|Any CPU
		{EE2FC14F-D0EA-84BD-DE42-B85AB00BBCED}.Release|Any CPU.ActiveCfg = Release|Any CPU
		{EE2FC14F-D0EA-84BD-DE42-B85AB00BBCED}.Release|Any CPU.Build.0 = Release|Any CPU
		{E5265CC0-B025-E4F8-9AC5-F87495F748A5}.Debug|Any CPU.ActiveCfg = Debug|Any CPU
		{E5265CC0-B025-E4F8-9AC5-F87495F748A5}.Debug|Any CPU.Build.0 = Debug|Any CPU
		{E5265CC0-B025-E4F8-9AC5-F87495F748A5}.Release|Any CPU.ActiveCfg = Release|Any CPU
		{E5265CC0-B025-E4F8-9AC5-F87495F748A5}.Release|Any CPU.Build.0 = Release|Any CPU
		{1892524C-C50C-B97D-29C8-83DF8D8F00FF}.Debug|Any CPU.ActiveCfg = Debug|Any CPU
		{1892524C-C50C-B97D-29C8-83DF8D8F00FF}.Debug|Any CPU.Build.0 = Debug|Any CPU
		{1892524C-C50C-B97D-29C8-83DF8D8F00FF}.Release|Any CPU.ActiveCfg = Release|Any CPU
		{1892524C-C50C-B97D-29C8-83DF8D8F00FF}.Release|Any CPU.Build.0 = Release|Any CPU
	EndGlobalSection
	GlobalSection(SolutionProperties) = preSolution
		HideSolutionNode = FALSE
	EndGlobalSection
EndGlobal
